
Microsoft Visual Studio Solution File, Format Version 12.00
# Visual Studio Version 16
VisualStudioVersion = 16.0.30413.136
MinimumVisualStudioVersion = 10.0.40219.1
Project("{FAE04EC0-301F-11D3-BF4B-00C04F79EFBC}") = "AreaCirculo", "AreaCirculo\AreaCirculo.csproj", "{119B2234-D9D1-4F94-9669-CBE49B113F48}"
EndProject
Global
	GlobalSection(SolutionConfigurationPlatforms) = preSolution
		Debug|Any CPU = Debug|Any CPU
		Release|Any CPU = Release|Any CPU
	EndGlobalSection
	GlobalSection(ProjectConfigurationPlatforms) = postSolution
		{119B2234-D9D1-4F94-9669-CBE49B113F48}.Debug|Any CPU.ActiveCfg = Debug|Any CPU
		{119B2234-D9D1-4F94-9669-CBE49B113F48}.Debug|Any CPU.Build.0 = Debug|Any CPU
		{119B2234-D9D1-4F94-9669-CBE49B113F48}.Release|Any CPU.ActiveCfg = Release|Any CPU
		{119B2234-D9D1-4F94-9669-CBE49B113F48}.Release|Any CPU.Build.0 = Release|Any CPU
	EndGlobalSection
	GlobalSection(SolutionProperties) = preSolution
		HideSolutionNode = FALSE
	EndGlobalSection
	GlobalSection(ExtensibilityGlobals) = postSolution
		SolutionGuid = {E90D7421-E3C4-4A93-BA2E-1163CF9E0748}
	EndGlobalSection
EndGlobal
